
Microsoft Visual Studio Solution File, Format Version 12.00
Project("{FAE04EC0-301F-11D3-BF4B-00C04F79EFBC}") = "ChaosEngDemo", "ChaosEngDemo\ChaosEngDemo.csproj", "{37456094-281B-41C4-9A45-1548FD79A231}"
EndProject
Global
	GlobalSection(SolutionConfigurationPlatforms) = preSolution
		Debug|Any CPU = Debug|Any CPU
		Release|Any CPU = Release|Any CPU
	EndGlobalSection
	GlobalSection(ProjectConfigurationPlatforms) = postSolution
		{37456094-281B-41C4-9A45-1548FD79A231}.Debug|Any CPU.ActiveCfg = Debug|Any CPU
		{37456094-281B-41C4-9A45-1548FD79A231}.Debug|Any CPU.Build.0 = Debug|Any CPU
		{37456094-281B-41C4-9A45-1548FD79A231}.Release|Any CPU.ActiveCfg = Release|Any CPU
		{37456094-281B-41C4-9A45-1548FD79A231}.Release|Any CPU.Build.0 = Release|Any CPU
	EndGlobalSection
EndGlobal
